// !$*UTF8*$!
{
	archiveVersion = 1;
	classes = {
	};
	objectVersion = 50;
	objects = {

/* Begin PBXBuildFile section */
		2C239A0524B7D9D6006E3FEF /* MountainCell.swift in Sources */ = {isa = PBXBuildFile; fileRef = 2C239A0424B7D9D6006E3FEF /* MountainCell.swift */; };
		2C239A0824B7E068006E3FEF /* UIColor+extensions.swift in Sources */ = {isa = PBXBuildFile; fileRef = 2C239A0724B7E068006E3FEF /* UIColor+extensions.swift */; };
		2C43B82724B91DB300912A35 /* MountainsCollectionViewDelegate.swift in Sources */ = {isa = PBXBuildFile; fileRef = 2C43B82624B91DB300912A35 /* MountainsCollectionViewDelegate.swift */; };
		2C5E511124B3760400CBE858 /* AppDelegate.swift in Sources */ = {isa = PBXBuildFile; fileRef = 2C5E511024B3760400CBE858 /* AppDelegate.swift */; };
		2C5E511824B3760400CBE858 /* Main.storyboard in Resources */ = {isa = PBXBuildFile; fileRef = 2C5E511624B3760400CBE858 /* Main.storyboard */; };
		2C5E511A24B3760700CBE858 /* Assets.xcassets in Resources */ = {isa = PBXBuildFile; fileRef = 2C5E511924B3760700CBE858 /* Assets.xcassets */; };
		2C5E511D24B3760700CBE858 /* LaunchScreen.storyboard in Resources */ = {isa = PBXBuildFile; fileRef = 2C5E511B24B3760700CBE858 /* LaunchScreen.storyboard */; };
		2C5E512624B37C8E00CBE858 /* MountainsRawData.swift in Sources */ = {isa = PBXBuildFile; fileRef = 2C5E512524B37C8E00CBE858 /* MountainsRawData.swift */; };
		2C5E512824B37E7D00CBE858 /* Mountain.swift in Sources */ = {isa = PBXBuildFile; fileRef = 2C5E512724B37E7D00CBE858 /* Mountain.swift */; };
		2C5E512A24B37F1D00CBE858 /* MountainsController.swift in Sources */ = {isa = PBXBuildFile; fileRef = 2C5E512924B37F1D00CBE858 /* MountainsController.swift */; };
		2C70D22B24B3D892009B6744 /* MountainsViewController.swift in Sources */ = {isa = PBXBuildFile; fileRef = 2C70D22A24B3D892009B6744 /* MountainsViewController.swift */; };
		2CE4CDA924B924B40010964C /* MountainsDetailView.swift in Sources */ = {isa = PBXBuildFile; fileRef = 2CE4CDA824B924B40010964C /* MountainsDetailView.swift */; };
		2CE4CDAB24B94F810010964C /* MountainsDetailCell.swift in Sources */ = {isa = PBXBuildFile; fileRef = 2CE4CDAA24B94F810010964C /* MountainsDetailCell.swift */; };
/* End PBXBuildFile section */

/* Begin PBXFileReference section */
		2C239A0424B7D9D6006E3FEF /* MountainCell.swift */ = {isa = PBXFileReference; lastKnownFileType = sourcecode.swift; path = MountainCell.swift; sourceTree = "<group>"; };
		2C239A0724B7E068006E3FEF /* UIColor+extensions.swift */ = {isa = PBXFileReference; lastKnownFileType = sourcecode.swift; path = "UIColor+extensions.swift"; sourceTree = "<group>"; };
		2C43B82624B91DB300912A35 /* MountainsCollectionViewDelegate.swift */ = {isa = PBXFileReference; lastKnownFileType = sourcecode.swift; path = MountainsCollectionViewDelegate.swift; sourceTree = "<group>"; };
		2C5E510D24B3760400CBE858 /* Mountain Search.app */ = {isa = PBXFileReference; explicitFileType = wrapper.application; includeInIndex = 0; path = "Mountain Search.app"; sourceTree = BUILT_PRODUCTS_DIR; };
		2C5E511024B3760400CBE858 /* AppDelegate.swift */ = {isa = PBXFileReference; lastKnownFileType = sourcecode.swift; path = AppDelegate.swift; sourceTree = "<group>"; };
		2C5E511724B3760400CBE858 /* Base */ = {isa = PBXFileReference; lastKnownFileType = file.storyboard; name = Base; path = Base.lproj/Main.storyboard; sourceTree = "<group>"; };
		2C5E511924B3760700CBE858 /* Assets.xcassets */ = {isa = PBXFileReference; lastKnownFileType = folder.assetcatalog; path = Assets.xcassets; sourceTree = "<group>"; };
		2C5E511C24B3760700CBE858 /* Base */ = {isa = PBXFileReference; lastKnownFileType = file.storyboard; name = Base; path = Base.lproj/LaunchScreen.storyboard; sourceTree = "<group>"; };
		2C5E511E24B3760700CBE858 /* Info.plist */ = {isa = PBXFileReference; lastKnownFileType = text.plist.xml; path = Info.plist; sourceTree = "<group>"; };
		2C5E512524B37C8E00CBE858 /* MountainsRawData.swift */ = {isa = PBXFileReference; lastKnownFileType = sourcecode.swift; path = MountainsRawData.swift; sourceTree = "<group>"; };
		2C5E512724B37E7D00CBE858 /* Mountain.swift */ = {isa = PBXFileReference; lastKnownFileType = sourcecode.swift; path = Mountain.swift; sourceTree = "<group>"; };
		2C5E512924B37F1D00CBE858 /* MountainsController.swift */ = {isa = PBXFileReference; lastKnownFileType = sourcecode.swift; path = MountainsController.swift; sourceTree = "<group>"; };
		2C70D22A24B3D892009B6744 /* MountainsViewController.swift */ = {isa = PBXFileReference; lastKnownFileType = sourcecode.swift; path = MountainsViewController.swift; sourceTree = "<group>"; };
		2CE4CDA824B924B40010964C /* MountainsDetailView.swift */ = {isa = PBXFileReference; lastKnownFileType = sourcecode.swift; path = MountainsDetailView.swift; sourceTree = "<group>"; };
		2CE4CDAA24B94F810010964C /* MountainsDetailCell.swift */ = {isa = PBXFileReference; lastKnownFileType = sourcecode.swift; path = MountainsDetailCell.swift; sourceTree = "<group>"; };
/* End PBXFileReference section */

/* Begin PBXFrameworksBuildPhase section */
		2C5E510A24B3760400CBE858 /* Frameworks */ = {
			isa = PBXFrameworksBuildPhase;
			buildActionMask = 2147483647;
			files = (
			);
			runOnlyForDeploymentPostprocessing = 0;
		};
/* End PBXFrameworksBuildPhase section */

/* Begin PBXGroup section */
		2C239A0624B7E044006E3FEF /* Extensions */ = {
			isa = PBXGroup;
			children = (
				2C239A0724B7E068006E3FEF /* UIColor+extensions.swift */,
			);
			path = Extensions;
			sourceTree = "<group>";
		};
		2C43B82524B91DA400912A35 /* Delegates */ = {
			isa = PBXGroup;
			children = (
				2C43B82624B91DB300912A35 /* MountainsCollectionViewDelegate.swift */,
			);
			path = Delegates;
			sourceTree = "<group>";
		};
		2C5E510424B3760400CBE858 = {
			isa = PBXGroup;
			children = (
				2C5E510F24B3760400CBE858 /* MountainSearch */,
				2C5E510E24B3760400CBE858 /* Products */,
			);
			sourceTree = "<group>";
		};
		2C5E510E24B3760400CBE858 /* Products */ = {
			isa = PBXGroup;
			children = (
				2C5E510D24B3760400CBE858 /* Mountain Search.app */,
			);
			name = Products;
			sourceTree = "<group>";
		};
		2C5E510F24B3760400CBE858 /* MountainSearch */ = {
			isa = PBXGroup;
			children = (
				2CE4CDA724B924A50010964C /* SwiftUI */,
				2C43B82524B91DA400912A35 /* Delegates */,
				2C239A0624B7E044006E3FEF /* Extensions */,
				2C70D22924B3D881009B6744 /* Controllers */,
				2C70D22824B3D863009B6744 /* Views */,
				2C5E512424B37C7000CBE858 /* Models */,
				2C5E511024B3760400CBE858 /* AppDelegate.swift */,
				2C5E511624B3760400CBE858 /* Main.storyboard */,
				2C5E511924B3760700CBE858 /* Assets.xcassets */,
				2C5E511B24B3760700CBE858 /* LaunchScreen.storyboard */,
				2C5E511E24B3760700CBE858 /* Info.plist */,
			);
			path = MountainSearch;
			sourceTree = "<group>";
		};
		2C5E512424B37C7000CBE858 /* Models */ = {
			isa = PBXGroup;
			children = (
				2C5E512524B37C8E00CBE858 /* MountainsRawData.swift */,
				2C5E512724B37E7D00CBE858 /* Mountain.swift */,
				2C5E512924B37F1D00CBE858 /* MountainsController.swift */,
			);
			path = Models;
			sourceTree = "<group>";
		};
		2C70D22824B3D863009B6744 /* Views */ = {
			isa = PBXGroup;
			children = (
				2C239A0424B7D9D6006E3FEF /* MountainCell.swift */,
			);
			path = Views;
			sourceTree = "<group>";
		};
		2C70D22924B3D881009B6744 /* Controllers */ = {
			isa = PBXGroup;
			children = (
				2C70D22A24B3D892009B6744 /* MountainsViewController.swift */,
			);
			path = Controllers;
			sourceTree = "<group>";
		};
		2CE4CDA724B924A50010964C /* SwiftUI */ = {
			isa = PBXGroup;
			children = (
				2CE4CDA824B924B40010964C /* MountainsDetailView.swift */,
				2CE4CDAA24B94F810010964C /* MountainsDetailCell.swift */,
			);
			path = SwiftUI;
			sourceTree = "<group>";
		};
/* End PBXGroup section */

/* Begin PBXNativeTarget section */
		2C5E510C24B3760400CBE858 /* MountainSearch */ = {
			isa = PBXNativeTarget;
			buildConfigurationList = 2C5E512124B3760700CBE858 /* Build configuration list for PBXNativeTarget "MountainSearch" */;
			buildPhases = (
				2C5E510924B3760400CBE858 /* Sources */,
				2C5E510A24B3760400CBE858 /* Frameworks */,
				2C5E510B24B3760400CBE858 /* Resources */,
			);
			buildRules = (
			);
			dependencies = (
			);
			name = MountainSearch;
			productName = MountainSearch;
			productReference = 2C5E510D24B3760400CBE858 /* Mountain Search.app */;
			productType = "com.apple.product-type.application";
		};
/* End PBXNativeTarget section */

/* Begin PBXProject section */
		2C5E510524B3760400CBE858 /* Project object */ = {
			isa = PBXProject;
			attributes = {
				LastSwiftUpdateCheck = 1140;
				LastUpgradeCheck = 1140;
				ORGANIZATIONNAME = Marcus;
				TargetAttributes = {
					2C5E510C24B3760400CBE858 = {
						CreatedOnToolsVersion = 11.4.1;
					};
				};
			};
			buildConfigurationList = 2C5E510824B3760400CBE858 /* Build configuration list for PBXProject "MountainSearch" */;
			compatibilityVersion = "Xcode 9.3";
			developmentRegion = en;
			hasScannedForEncodings = 0;
			knownRegions = (
				en,
				Base,
			);
			mainGroup = 2C5E510424B3760400CBE858;
			productRefGroup = 2C5E510E24B3760400CBE858 /* Products */;
			projectDirPath = "";
			projectRoot = "";
			targets = (
				2C5E510C24B3760400CBE858 /* MountainSearch */,
			);
		};
/* End PBXProject section */

/* Begin PBXResourcesBuildPhase section */
		2C5E510B24B3760400CBE858 /* Resources */ = {
			isa = PBXResourcesBuildPhase;
			buildActionMask = 2147483647;
			files = (
				2C5E511D24B3760700CBE858 /* LaunchScreen.storyboard in Resources */,
				2C5E511A24B3760700CBE858 /* Assets.xcassets in Resources */,
				2C5E511824B3760400CBE858 /* Main.storyboard in Resources */,
			);
			runOnlyForDeploymentPostprocessing = 0;
		};
/* End PBXResourcesBuildPhase section */

/* Begin PBXSourcesBuildPhase section */
		2C5E510924B3760400CBE858 /* Sources */ = {
			isa = PBXSourcesBuildPhase;
			buildActionMask = 2147483647;
			files = (
				2C43B82724B91DB300912A35 /* MountainsCollectionViewDelegate.swift in Sources */,
				2C5E512824B37E7D00CBE858 /* Mountain.swift in Sources */,
				2C5E512624B37C8E00CBE858 /* MountainsRawData.swift in Sources */,
				2C70D22B24B3D892009B6744 /* MountainsViewController.swift in Sources */,
				2C239A0824B7E068006E3FEF /* UIColor+extensions.swift in Sources */,
				2CE4CDAB24B94F810010964C /* MountainsDetailCell.swift in Sources */,
				2CE4CDA924B924B40010964C /* MountainsDetailView.swift in Sources */,
				2C5E511124B3760400CBE858 /* AppDelegate.swift in Sources */,
				2C239A0524B7D9D6006E3FEF /* MountainCell.swift in Sources */,
				2C5E512A24B37F1D00CBE858 /* MountainsController.swift in Sources */,
			);
			runOnlyForDeploymentPostprocessing = 0;
		};
/* End PBXSourcesBuildPhase section */

/* Begin PBXVariantGroup section */
		2C5E511624B3760400CBE858 /* Main.storyboard */ = {
			isa = PBXVariantGroup;
			children = (
				2C5E511724B3760400CBE858 /* Base */,
			);
			name = Main.storyboard;
			sourceTree = "<group>";
		};
		2C5E511B24B3760700CBE858 /* LaunchScreen.storyboard */ = {
			isa = PBXVariantGroup;
			children = (
				2C5E511C24B3760700CBE858 /* Base */,
			);
			name = LaunchScreen.storyboard;
			sourceTree = "<group>";
		};
/* End PBXVariantGroup section */

/* Begin XCBuildConfiguration section */
		2C5E511F24B3760700CBE858 /* Debug */ = {
			isa = XCBuildConfiguration;
			buildSettings = {
				ALWAYS_SEARCH_USER_PATHS = NO;
				CLANG_ANALYZER_NONNULL = YES;
				CLANG_ANALYZER_NUMBER_OBJECT_CONVERSION = YES_AGGRESSIVE;
				CLANG_CXX_LANGUAGE_STANDARD = "gnu++14";
				CLANG_CXX_LIBRARY = "libc++";
				CLANG_ENABLE_MODULES = YES;
				CLANG_ENABLE_OBJC_ARC = YES;
				CLANG_ENABLE_OBJC_WEAK = YES;
				CLANG_WARN_BLOCK_CAPTURE_AUTORELEASING = YES;
				CLANG_WARN_BOOL_CONVERSION = YES;
				CLANG_WARN_COMMA = YES;
				CLANG_WARN_CONSTANT_CONVERSION = YES;
				CLANG_WARN_DEPRECATED_OBJC_IMPLEMENTATIONS = YES;
				CLANG_WARN_DIRECT_OBJC_ISA_USAGE = YES_ERROR;
				CLANG_WARN_DOCUMENTATION_COMMENTS = YES;
				CLANG_WARN_EMPTY_BODY = YES;
				CLANG_WARN_ENUM_CONVERSION = YES;
				CLANG_WARN_INFINITE_RECURSION = YES;
				CLANG_WARN_INT_CONVERSION = YES;
				CLANG_WARN_NON_LITERAL_NULL_CONVERSION = YES;
				CLANG_WARN_OBJC_IMPLICIT_RETAIN_SELF = YES;
				CLANG_WARN_OBJC_LITERAL_CONVERSION = YES;
				CLANG_WARN_OBJC_ROOT_CLASS = YES_ERROR;
				CLANG_WARN_RANGE_LOOP_ANALYSIS = YES;
				CLANG_WARN_STRICT_PROTOTYPES = YES;
				CLANG_WARN_SUSPICIOUS_MOVE = YES;
				CLANG_WARN_UNGUARDED_AVAILABILITY = YES_AGGRESSIVE;
				CLANG_WARN_UNREACHABLE_CODE = YES;
				CLANG_WARN__DUPLICATE_METHOD_MATCH = YES;
				COPY_PHASE_STRIP = NO;
				DEBUG_INFORMATION_FORMAT = dwarf;
				ENABLE_STRICT_OBJC_MSGSEND = YES;
				ENABLE_TESTABILITY = YES;
				GCC_C_LANGUAGE_STANDARD = gnu11;
				GCC_DYNAMIC_NO_PIC = NO;
				GCC_NO_COMMON_BLOCKS = YES;
				GCC_OPTIMIZATION_LEVEL = 0;
				GCC_PREPROCESSOR_DEFINITIONS = (
					"DEBUG=1",
					"$(inherited)",
				);
				GCC_WARN_64_TO_32_BIT_CONVERSION = YES;
				GCC_WARN_ABOUT_RETURN_TYPE = YES_ERROR;
				GCC_WARN_UNDECLARED_SELECTOR = YES;
				GCC_WARN_UNINITIALIZED_AUTOS = YES_AGGRESSIVE;
				GCC_WARN_UNUSED_FUNCTION = YES;
				GCC_WARN_UNUSED_VARIABLE = YES;
				IPHONEOS_DEPLOYMENT_TARGET = 13.0;
				MTL_ENABLE_DEBUG_INFO = INCLUDE_SOURCE;
				MTL_FAST_MATH = YES;
				ONLY_ACTIVE_ARCH = YES;
				SDKROOT = iphoneos;
				SWIFT_ACTIVE_COMPILATION_CONDITIONS = DEBUG;
				SWIFT_OPTIMIZATION_LEVEL = "-Onone";
			};
			name = Debug;
		};
		2C5E512024B3760700CBE858 /* Release */ = {
			isa = XCBuildConfiguration;
			buildSettings = {
				ALWAYS_SEARCH_USER_PATHS = NO;
				CLANG_ANALYZER_NONNULL = YES;
				CLANG_ANALYZER_NUMBER_OBJECT_CONVERSION = YES_AGGRESSIVE;
				CLANG_CXX_LANGUAGE_STANDARD = "gnu++14";
				CLANG_CXX_LIBRARY = "libc++";
				CLANG_ENABLE_MODULES = YES;
				CLANG_ENABLE_OBJC_ARC = YES;
				CLANG_ENABLE_OBJC_WEAK = YES;
				CLANG_WARN_BLOCK_CAPTURE_AUTORELEASING = YES;
				CLANG_WARN_BOOL_CONVERSION = YES;
				CLANG_WARN_COMMA = YES;
				CLANG_WARN_CONSTANT_CONVERSION = YES;
				CLANG_WARN_DEPRECATED_OBJC_IMPLEMENTATIONS = YES;
				CLANG_WARN_DIRECT_OBJC_ISA_USAGE = YES_ERROR;
				CLANG_WARN_DOCUMENTATION_COMMENTS = YES;
				CLANG_WARN_EMPTY_BODY = YES;
				CLANG_WARN_ENUM_CONVERSION = YES;
				CLANG_WARN_INFINITE_RECURSION = YES;
				CLANG_WARN_INT_CONVERSION = YES;
				CLANG_WARN_NON_LITERAL_NULL_CONVERSION = YES;
				CLANG_WARN_OBJC_IMPLICIT_RETAIN_SELF = YES;
				CLANG_WARN_OBJC_LITERAL_CONVERSION = YES;
				CLANG_WARN_OBJC_ROOT_CLASS = YES_ERROR;
				CLANG_WARN_RANGE_LOOP_ANALYSIS = YES;
				CLANG_WARN_STRICT_PROTOTYPES = YES;
				CLANG_WARN_SUSPICIOUS_MOVE = YES;
				CLANG_WARN_UNGUARDED_AVAILABILITY = YES_AGGRESSIVE;
				CLANG_WARN_UNREACHABLE_CODE = YES;
				CLANG_WARN__DUPLICATE_METHOD_MATCH = YES;
				COPY_PHASE_STRIP = NO;
				DEBUG_INFORMATION_FORMAT = "dwarf-with-dsym";
				ENABLE_NS_ASSERTIONS = NO;
				ENABLE_STRICT_OBJC_MSGSEND = YES;
				GCC_C_LANGUAGE_STANDARD = gnu11;
				GCC_NO_COMMON_BLOCKS = YES;
				GCC_WARN_64_TO_32_BIT_CONVERSION = YES;
				GCC_WARN_ABOUT_RETURN_TYPE = YES_ERROR;
				GCC_WARN_UNDECLARED_SELECTOR = YES;
				GCC_WARN_UNINITIALIZED_AUTOS = YES_AGGRESSIVE;
				GCC_WARN_UNUSED_FUNCTION = YES;
				GCC_WARN_UNUSED_VARIABLE = YES;
				IPHONEOS_DEPLOYMENT_TARGET = 13.0;
				MTL_ENABLE_DEBUG_INFO = NO;
				MTL_FAST_MATH = YES;
				SDKROOT = iphoneos;
				SWIFT_COMPILATION_MODE = wholemodule;
				SWIFT_OPTIMIZATION_LEVEL = "-O";
				VALIDATE_PRODUCT = YES;
			};
			name = Release;
		};
		2C5E512224B3760700CBE858 /* Debug */ = {
			isa = XCBuildConfiguration;
			buildSettings = {
				ASSETCATALOG_COMPILER_APPICON_NAME = AppIcon;
				CODE_SIGN_STYLE = Automatic;
				DEVELOPMENT_TEAM = 7TX7D7Z677;
				INFOPLIST_FILE = MountainSearch/Info.plist;
				IPHONEOS_DEPLOYMENT_TARGET = 13.0;
				LD_RUNPATH_SEARCH_PATHS = (
					"$(inherited)",
					"@executable_path/Frameworks",
				);
				PRODUCT_BUNDLE_IDENTIFIER = mkKreations.MountainSearch;
				PRODUCT_NAME = "Mountain Search";
				SWIFT_VERSION = 5.0;
				TARGETED_DEVICE_FAMILY = 1;
			};
			name = Debug;
		};
		2C5E512324B3760700CBE858 /* Release */ = {
			isa = XCBuildConfiguration;
			buildSettings = {
				ASSETCATALOG_COMPILER_APPICON_NAME = AppIcon;
				CODE_SIGN_STYLE = Automatic;
				DEVELOPMENT_TEAM = 7TX7D7Z677;
				INFOPLIST_FILE = MountainSearch/Info.plist;
				IPHONEOS_DEPLOYMENT_TARGET = 13.0;
				LD_RUNPATH_SEARCH_PATHS = (
					"$(inherited)",
					"@executable_path/Frameworks",
				);
				PRODUCT_BUNDLE_IDENTIFIER = mkKreations.MountainSearch;
				PRODUCT_NAME = "Mountain Search";
				SWIFT_VERSION = 5.0;
				TARGETED_DEVICE_FAMILY = 1;
			};
			name = Release;
		};
/* End XCBuildConfiguration section */

/* Begin XCConfigurationList section */
		2C5E510824B3760400CBE858 /* Build configuration list for PBXProject "MountainSearch" */ = {
			isa = XCConfigurationList;
			buildConfigurations = (
				2C5E511F24B3760700CBE858 /* Debug */,
				2C5E512024B3760700CBE858 /* Release */,
			);
			defaultConfigurationIsVisible = 0;
			defaultConfigurationName = Release;
		};
		2C5E512124B3760700CBE858 /* Build configuration list for PBXNativeTarget "MountainSearch" */ = {
			isa = XCConfigurationList;
			buildConfigurations = (
				2C5E512224B3760700CBE858 /* Debug */,
				2C5E512324B3760700CBE858 /* Release */,
			);
			defaultConfigurationIsVisible = 0;
			defaultConfigurationName = Release;
		};
/* End XCConfigurationList section */
	};
	rootObject = 2C5E510524B3760400CBE858 /* Project object */;
}
